github.com/golang/protobuf v1.5.0 h1:LUVKkCeviFUMKqHa4tXIIij/lbhnMbP7Fn5wKdKkRh4=
github.com/golang/protobuf v1.5.0/go.mod h1:FsONVRAS9T7sI+LIUmWTfcYkHO4aIWwzhcaSAoJOfIk=
github.com/golang/protobuf v1.5.2 h1:ROPKBNFfQgOUMifHyP+KYbvpjbdoFNs+aK7DXlji0Tw=
github.com/golang/protobuf v1.5.2/go.mod h1:XVQd3VNwM+JqD3oG2Ue2ip4fOMUkwXdXDdiuN0vRsmY=
github.com/google/go-cmp v0.5.5 h1:Khx7svrCpmxxtHBq5j2mp/xVjsi8hQMfNLvJFAlrGgU=
github.com/google/go-cmp v0.5.5/go.mod h1:v8dTdLbMG2kIc/vJvl+f65V22dbkXbowE6jgT/gNBxE=
github.com/rakamoviz/escommon v0.0.0-20210614031959-afcde7b3f7f8 h1:QmIe1JaLKMoo/kSIkwHrIgsBEnsdVB6OTG0ZAbbmkVw=
github.com/rakamoviz/escommon v0.0.0-20210614031959-afcde7b3f7f8/go.mod h1:JDlbSvY8au4zWEdmb/gIV90lt/3yI/bAk7sxVjPMw3M=
github.com/rakamoviz/escommon v0.0.0-20210614040446-db79b68e6b18 h1:oUJSE9lA73naiTRdKw2BQZ5j+JIYPuFksPSYJ7y8zqs=
github.com/rakamoviz/escommon v0.0.0-20210614040446-db79b68e6b18/go.mod h1:2DDWgHRqk0+jzFyf41iKeSTsPVJhj+u9mqKsldxc/jg=
github.com/rakamoviz/escommon v0.0.0-20210614051713-29429eea8c6c h1:cQ1gqzQh3KZQoZxfuxZKueLNCqWJOfegOHzSeQJnULk=
github.com/rakamoviz/escommon v0.0.0-20210614051713-29429eea8c6c/go.mod h1:2DDWgHRqk0+jzFyf41iKeSTsPVJhj+u9mqKsldxc/jg=
github.com/rakamoviz/escommon v0.0.0-20210614051926-f776649f3ff4 h1:xNnQPOlD/t8yVTn/Z79C/bNgmwLhkUXCLwtfNhoQGXw=
github.com/rakamoviz/escommon v0.0.0-20210614051926-f776649f3ff4/go.mod h1:2DDWgHRqk0+jzFyf41iKeSTsPVJhj+u9mqKsldxc/jg=
github.com/rakamoviz/escommon v0.0.0-20210614052933-91aa9ede1f9e h1:7qa6C9wK1W/vmsuMJJQ3wWNY1Aon7uC2yMq07hAbnW8=
github.com/rakamoviz/escommon v0.0.0-20210614052933-91aa9ede1f9e/go.mod h1:TPT2yd+pA1T3AVNWJdBbACEfxHmU499itkorBuecVFU=
github.com/rakamoviz/esproto v0.0.0-20210614064444-926e899c3768 h1:dv4Xqsy0mdYShuLTF/EH1qZWhQhCB2SMtisjyojb3Us=
github.com/rakamoviz/esproto v0.0.0-20210614064444-926e899c3768/go.mod h1:xb7WisG9v9Huzgx+htcA0tcIlqxFJEzlnVd52WE/sVo=
github.com/rakamoviz/esproto v0.0.0-20210614065428-12a9cd5e9e09 h1:FV78tVa4+s8ZqHydLx1C3g6ijwGg2kwywI8VeQ58ldU=
github.com/rakamoviz/esproto v0.0.0-20210614065428-12a9cd5e9e09/go.mod h1:xb7WisG9v9Huzgx+htcA0tcIlqxFJEzlnVd52WE/sVo=
golang.org/x/xerrors v0.0.0-20191204190536-9bdfabe68543 h1:E7g+9GITq07hpfrRu66IVDexMakfv52eLZ2CXBWiKr4=
golang.org/x/xerrors v0.0.0-20191204190536-9bdfabe68543/go.mod h1:I/5z698sn9Ka8TeJc9MKroUUfqBBauWjQqLJ2OPfmY0=
google.golang.org/protobuf v1.26.0-rc.1/go.mod h1:jlhhOSvTdKEhbULTjvd4ARK9grFBp09yW+WbY/TyQbw=
google.golang.org/protobuf v1.26.0 h1:bxAC2xTBsZGibn2RTntX0oH50xLsqy1OxA9tTL3p/lk=
google.golang.org/protobuf v1.26.0/go.mod h1:9q0QmTI4eRPtz6boOQmLYwt+qCgq0jsYwAQnmE0givc=
